
Microsoft Visual Studio Solution File, Format Version 12.00
# Visual Studio Version 17
VisualStudioVersion = 17.8.34525.116
MinimumVisualStudioVersion = 10.0.40219.1
Project("{FAE04EC0-301F-11D3-BF4B-00C04F79EFBC}") = "MyCoreApp", "MyCoreApp\MyCoreApp.csproj", "{4E48510C-6240-4004-B082-2B947D53962E}"
EndProject
Global
	GlobalSection(SolutionConfigurationPlatforms) = preSolution
		Debug|Any CPU = Debug|Any CPU
		Release|Any CPU = Release|Any CPU
	EndGlobalSection
	GlobalSection(ProjectConfigurationPlatforms) = postSolution
		{4E48510C-6240-4004-B082-2B947D53962E}.Debug|Any CPU.ActiveCfg = Debug|Any CPU
		{4E48510C-6240-4004-B082-2B947D53962E}.Debug|Any CPU.Build.0 = Debug|Any CPU
		{4E48510C-6240-4004-B082-2B947D53962E}.Release|Any CPU.ActiveCfg = Release|Any CPU
		{4E48510C-6240-4004-B082-2B947D53962E}.Release|Any CPU.Build.0 = Release|Any CPU
	EndGlobalSection
	GlobalSection(SolutionProperties) = preSolution
		HideSolutionNode = FALSE
	EndGlobalSection
	GlobalSection(ExtensibilityGlobals) = postSolution
		SolutionGuid = {684D9D06-0EDD-4A58-9C05-2956C383890A}
	EndGlobalSection
EndGlobal
